// !$*UTF8*$!
{
	archiveVersion = 1;
	classes = {
	};
	objectVersion = 50;
	objects = {

/* Begin PBXBuildFile section */
		A961D3DF25E5FC7900EB9F38 /* ThemeModel.swift in Sources */ = {isa = PBXBuildFile; fileRef = A961D3DE25E5FC7900EB9F38 /* ThemeModel.swift */; };
		A961D3E325E5FD7500EB9F38 /* ThemeData.swift in Sources */ = {isa = PBXBuildFile; fileRef = A961D3E225E5FD7500EB9F38 /* ThemeData.swift */; };
		A961D3E625E5FF9E00EB9F38 /* ThemeSettings.swift in Sources */ = {isa = PBXBuildFile; fileRef = A961D3E525E5FF9E00EB9F38 /* ThemeSettings.swift */; };
		A97CBABF25E4AAAC009F1E82 /* Blue Dark.png in Resources */ = {isa = PBXBuildFile; fileRef = A97CBAB625E4AAAB009F1E82 /* Blue Dark.png */; };
		A97CBAC025E4AAAC009F1E82 /* Pink.png in Resources */ = {isa = PBXBuildFile; fileRef = A97CBAB725E4AAAB009F1E82 /* Pink.png */; };
		A97CBAC125E4AAAC009F1E82 /* Green.png in Resources */ = {isa = PBXBuildFile; fileRef = A97CBAB825E4AAAB009F1E82 /* Green.png */; };
		A97CBAC225E4AAAC009F1E82 /* Green Dark.png in Resources */ = {isa = PBXBuildFile; fileRef = A97CBAB925E4AAAB009F1E82 /* Green Dark.png */; };
		A97CBAC325E4AAAC009F1E82 /* Blue.png in Resources */ = {isa = PBXBuildFile; fileRef = A97CBABA25E4AAAB009F1E82 /* Blue.png */; };
		A97CBAC425E4AAAC009F1E82 /* Green Light.png in Resources */ = {isa = PBXBuildFile; fileRef = A97CBABB25E4AAAB009F1E82 /* Green Light.png */; };
		A97CBAC525E4AAAC009F1E82 /* Pink Light.png in Resources */ = {isa = PBXBuildFile; fileRef = A97CBABC25E4AAAB009F1E82 /* Pink Light.png */; };
		A97CBAC625E4AAAC009F1E82 /* Blue Light.png in Resources */ = {isa = PBXBuildFile; fileRef = A97CBABD25E4AAAB009F1E82 /* Blue Light.png */; };
		A97CBAC725E4AAAC009F1E82 /* Pink Dark.png in Resources */ = {isa = PBXBuildFile; fileRef = A97CBABE25E4AAAC009F1E82 /* Pink Dark.png */; };
		A9B4067C25DE19EC00D1C311 /* EmptyListView.swift in Sources */ = {isa = PBXBuildFile; fileRef = A9B4067B25DE19EC00D1C311 /* EmptyListView.swift */; };
		A9C14C4525E35B2A0079F1A0 /* FormRowStaticView.swift in Sources */ = {isa = PBXBuildFile; fileRef = A9C14C4425E35B2A0079F1A0 /* FormRowStaticView.swift */; };
		A9C14C4825E35C700079F1A0 /* FormRowLinkView.swift in Sources */ = {isa = PBXBuildFile; fileRef = A9C14C4725E35C700079F1A0 /* FormRowLinkView.swift */; };
		A9C14C4B25E35F240079F1A0 /* SettingsView.swift in Sources */ = {isa = PBXBuildFile; fileRef = A9C14C4A25E35F240079F1A0 /* SettingsView.swift */; };
		A9D74EEB25DA1E070060B96C /* AppDelegate.swift in Sources */ = {isa = PBXBuildFile; fileRef = A9D74EEA25DA1E070060B96C /* AppDelegate.swift */; };
		A9D74EED25DA1E070060B96C /* SceneDelegate.swift in Sources */ = {isa = PBXBuildFile; fileRef = A9D74EEC25DA1E070060B96C /* SceneDelegate.swift */; };
		A9D74EEF25DA1E070060B96C /* ContentView.swift in Sources */ = {isa = PBXBuildFile; fileRef = A9D74EEE25DA1E070060B96C /* ContentView.swift */; };
		A9D74EF225DA1E070060B96C /* Todo_App.xcdatamodeld in Sources */ = {isa = PBXBuildFile; fileRef = A9D74EF025DA1E070060B96C /* Todo_App.xcdatamodeld */; };
		A9D74EF425DA1E0A0060B96C /* Assets.xcassets in Resources */ = {isa = PBXBuildFile; fileRef = A9D74EF325DA1E0A0060B96C /* Assets.xcassets */; };
		A9D74EF725DA1E0A0060B96C /* Preview Assets.xcassets in Resources */ = {isa = PBXBuildFile; fileRef = A9D74EF625DA1E0A0060B96C /* Preview Assets.xcassets */; };
		A9D74EFA25DA1E0A0060B96C /* LaunchScreen.storyboard in Resources */ = {isa = PBXBuildFile; fileRef = A9D74EF825DA1E0A0060B96C /* LaunchScreen.storyboard */; };
		A9D74F0425DA1F0B0060B96C /* AddTodoView.swift in Sources */ = {isa = PBXBuildFile; fileRef = A9D74F0325DA1F0B0060B96C /* AddTodoView.swift */; };
/* End PBXBuildFile section */

/* Begin PBXFileReference section */
		A961D3DE25E5FC7900EB9F38 /* ThemeModel.swift */ = {isa = PBXFileReference; lastKnownFileType = sourcecode.swift; path = ThemeModel.swift; sourceTree = "<group>"; };
		A961D3E225E5FD7500EB9F38 /* ThemeData.swift */ = {isa = PBXFileReference; lastKnownFileType = sourcecode.swift; path = ThemeData.swift; sourceTree = "<group>"; };
		A961D3E525E5FF9E00EB9F38 /* ThemeSettings.swift */ = {isa = PBXFileReference; lastKnownFileType = sourcecode.swift; path = ThemeSettings.swift; sourceTree = "<group>"; };
		A97CBAB625E4AAAB009F1E82 /* Blue Dark.png */ = {isa = PBXFileReference; lastKnownFileType = image.png; path = "Blue Dark.png"; sourceTree = "<group>"; };
		A97CBAB725E4AAAB009F1E82 /* Pink.png */ = {isa = PBXFileReference; lastKnownFileType = image.png; path = Pink.png; sourceTree = "<group>"; };
		A97CBAB825E4AAAB009F1E82 /* Green.png */ = {isa = PBXFileReference; lastKnownFileType = image.png; path = Green.png; sourceTree = "<group>"; };
		A97CBAB925E4AAAB009F1E82 /* Green Dark.png */ = {isa = PBXFileReference; lastKnownFileType = image.png; path = "Green Dark.png"; sourceTree = "<group>"; };
		A97CBABA25E4AAAB009F1E82 /* Blue.png */ = {isa = PBXFileReference; lastKnownFileType = image.png; path = Blue.png; sourceTree = "<group>"; };
		A97CBABB25E4AAAB009F1E82 /* Green Light.png */ = {isa = PBXFileReference; lastKnownFileType = image.png; path = "Green Light.png"; sourceTree = "<group>"; };
		A97CBABC25E4AAAB009F1E82 /* Pink Light.png */ = {isa = PBXFileReference; lastKnownFileType = image.png; path = "Pink Light.png"; sourceTree = "<group>"; };
		A97CBABD25E4AAAB009F1E82 /* Blue Light.png */ = {isa = PBXFileReference; lastKnownFileType = image.png; path = "Blue Light.png"; sourceTree = "<group>"; };
		A97CBABE25E4AAAC009F1E82 /* Pink Dark.png */ = {isa = PBXFileReference; lastKnownFileType = image.png; path = "Pink Dark.png"; sourceTree = "<group>"; };
		A9B4067B25DE19EC00D1C311 /* EmptyListView.swift */ = {isa = PBXFileReference; lastKnownFileType = sourcecode.swift; path = EmptyListView.swift; sourceTree = "<group>"; };
		A9C14C4425E35B2A0079F1A0 /* FormRowStaticView.swift */ = {isa = PBXFileReference; lastKnownFileType = sourcecode.swift; path = FormRowStaticView.swift; sourceTree = "<group>"; };
		A9C14C4725E35C700079F1A0 /* FormRowLinkView.swift */ = {isa = PBXFileReference; lastKnownFileType = sourcecode.swift; path = FormRowLinkView.swift; sourceTree = "<group>"; };
		A9C14C4A25E35F240079F1A0 /* SettingsView.swift */ = {isa = PBXFileReference; lastKnownFileType = sourcecode.swift; path = SettingsView.swift; sourceTree = "<group>"; };
		A9D74EE725DA1E070060B96C /* Todo App.app */ = {isa = PBXFileReference; explicitFileType = wrapper.application; includeInIndex = 0; path = "Todo App.app"; sourceTree = BUILT_PRODUCTS_DIR; };
		A9D74EEA25DA1E070060B96C /* AppDelegate.swift */ = {isa = PBXFileReference; lastKnownFileType = sourcecode.swift; path = AppDelegate.swift; sourceTree = "<group>"; };
		A9D74EEC25DA1E070060B96C /* SceneDelegate.swift */ = {isa = PBXFileReference; lastKnownFileType = sourcecode.swift; path = SceneDelegate.swift; sourceTree = "<group>"; };
		A9D74EEE25DA1E070060B96C /* ContentView.swift */ = {isa = PBXFileReference; lastKnownFileType = sourcecode.swift; path = ContentView.swift; sourceTree = "<group>"; };
		A9D74EF125DA1E070060B96C /* Todo_App.xcdatamodel */ = {isa = PBXFileReference; lastKnownFileType = wrapper.xcdatamodel; path = Todo_App.xcdatamodel; sourceTree = "<group>"; };
		A9D74EF325DA1E0A0060B96C /* Assets.xcassets */ = {isa = PBXFileReference; lastKnownFileType = folder.assetcatalog; path = Assets.xcassets; sourceTree = "<group>"; };
		A9D74EF625DA1E0A0060B96C /* Preview Assets.xcassets */ = {isa = PBXFileReference; lastKnownFileType = folder.assetcatalog; path = "Preview Assets.xcassets"; sourceTree = "<group>"; };
		A9D74EF925DA1E0A0060B96C /* Base */ = {isa = PBXFileReference; lastKnownFileType = file.storyboard; name = Base; path = Base.lproj/LaunchScreen.storyboard; sourceTree = "<group>"; };
		A9D74EFB25DA1E0A0060B96C /* Info.plist */ = {isa = PBXFileReference; lastKnownFileType = text.plist.xml; path = Info.plist; sourceTree = "<group>"; };
		A9D74F0325DA1F0B0060B96C /* AddTodoView.swift */ = {isa = PBXFileReference; lastKnownFileType = sourcecode.swift; path = AddTodoView.swift; sourceTree = "<group>"; };
/* End PBXFileReference section */

/* Begin PBXFrameworksBuildPhase section */
		A9D74EE425DA1E070060B96C /* Frameworks */ = {
			isa = PBXFrameworksBuildPhase;
			buildActionMask = 2147483647;
			files = (
			);
			runOnlyForDeploymentPostprocessing = 0;
		};
/* End PBXFrameworksBuildPhase section */

/* Begin PBXGroup section */
		A961D3DD25E5FC3000EB9F38 /* Theme */ = {
			isa = PBXGroup;
			children = (
				A961D3DE25E5FC7900EB9F38 /* ThemeModel.swift */,
				A961D3E225E5FD7500EB9F38 /* ThemeData.swift */,
				A961D3E525E5FF9E00EB9F38 /* ThemeSettings.swift */,
			);
			path = Theme;
			sourceTree = "<group>";
		};
		A97CBAB525E4AA60009F1E82 /* Icons */ = {
			isa = PBXGroup;
			children = (
				A97CBAB625E4AAAB009F1E82 /* Blue Dark.png */,
				A97CBABD25E4AAAB009F1E82 /* Blue Light.png */,
				A97CBABA25E4AAAB009F1E82 /* Blue.png */,
				A97CBAB925E4AAAB009F1E82 /* Green Dark.png */,
				A97CBABB25E4AAAB009F1E82 /* Green Light.png */,
				A97CBAB825E4AAAB009F1E82 /* Green.png */,
				A97CBABE25E4AAAC009F1E82 /* Pink Dark.png */,
				A97CBABC25E4AAAB009F1E82 /* Pink Light.png */,
				A97CBAB725E4AAAB009F1E82 /* Pink.png */,
			);
			path = Icons;
			sourceTree = "<group>";
		};
		A9D74EDE25DA1E070060B96C = {
			isa = PBXGroup;
			children = (
				A9D74EE925DA1E070060B96C /* Todo App */,
				A9D74EE825DA1E070060B96C /* Products */,
			);
			sourceTree = "<group>";
		};
		A9D74EE825DA1E070060B96C /* Products */ = {
			isa = PBXGroup;
			children = (
				A9D74EE725DA1E070060B96C /* Todo App.app */,
			);
			name = Products;
			sourceTree = "<group>";
		};
		A9D74EE925DA1E070060B96C /* Todo App */ = {
			isa = PBXGroup;
			children = (
				A961D3DD25E5FC3000EB9F38 /* Theme */,
				A97CBAB525E4AA60009F1E82 /* Icons */,
				A9D74F0225DA1E740060B96C /* View */,
				A9D74EEA25DA1E070060B96C /* AppDelegate.swift */,
				A9D74EEC25DA1E070060B96C /* SceneDelegate.swift */,
				A9D74EF325DA1E0A0060B96C /* Assets.xcassets */,
				A9D74EF825DA1E0A0060B96C /* LaunchScreen.storyboard */,
				A9D74EFB25DA1E0A0060B96C /* Info.plist */,
				A9D74EF025DA1E070060B96C /* Todo_App.xcdatamodeld */,
				A9D74EF525DA1E0A0060B96C /* Preview Content */,
			);
			path = "Todo App";
			sourceTree = "<group>";
		};
		A9D74EF525DA1E0A0060B96C /* Preview Content */ = {
			isa = PBXGroup;
			children = (
				A9D74EF625DA1E0A0060B96C /* Preview Assets.xcassets */,
			);
			path = "Preview Content";
			sourceTree = "<group>";
		};
		A9D74F0225DA1E740060B96C /* View */ = {
			isa = PBXGroup;
			children = (
				A9D74EEE25DA1E070060B96C /* ContentView.swift */,
				A9D74F0325DA1F0B0060B96C /* AddTodoView.swift */,
				A9B4067B25DE19EC00D1C311 /* EmptyListView.swift */,
				A9C14C4425E35B2A0079F1A0 /* FormRowStaticView.swift */,
				A9C14C4725E35C700079F1A0 /* FormRowLinkView.swift */,
				A9C14C4A25E35F240079F1A0 /* SettingsView.swift */,
			);
			path = View;
			sourceTree = "<group>";
		};
/* End PBXGroup section */

/* Begin PBXNativeTarget section */
		A9D74EE625DA1E070060B96C /* Todo App */ = {
			isa = PBXNativeTarget;
			buildConfigurationList = A9D74EFE25DA1E0A0060B96C /* Build configuration list for PBXNativeTarget "Todo App" */;
			buildPhases = (
				A9D74EE325DA1E070060B96C /* Sources */,
				A9D74EE425DA1E070060B96C /* Frameworks */,
				A9D74EE525DA1E070060B96C /* Resources */,
			);
			buildRules = (
			);
			dependencies = (
			);
			name = "Todo App";
			productName = "Todo App";
			productReference = A9D74EE725DA1E070060B96C /* Todo App.app */;
			productType = "com.apple.product-type.application";
		};
/* End PBXNativeTarget section */

/* Begin PBXProject section */
		A9D74EDF25DA1E070060B96C /* Project object */ = {
			isa = PBXProject;
			attributes = {
				LastSwiftUpdateCheck = 1240;
				LastUpgradeCheck = 1240;
				TargetAttributes = {
					A9D74EE625DA1E070060B96C = {
						CreatedOnToolsVersion = 12.4;
					};
				};
			};
			buildConfigurationList = A9D74EE225DA1E070060B96C /* Build configuration list for PBXProject "Todo App" */;
			compatibilityVersion = "Xcode 9.3";
			developmentRegion = en;
			hasScannedForEncodings = 0;
			knownRegions = (
				en,
				Base,
			);
			mainGroup = A9D74EDE25DA1E070060B96C;
			productRefGroup = A9D74EE825DA1E070060B96C /* Products */;
			projectDirPath = "";
			projectRoot = "";
			targets = (
				A9D74EE625DA1E070060B96C /* Todo App */,
			);
		};
/* End PBXProject section */

/* Begin PBXResourcesBuildPhase section */
		A9D74EE525DA1E070060B96C /* Resources */ = {
			isa = PBXResourcesBuildPhase;
			buildActionMask = 2147483647;
			files = (
				A97CBAC725E4AAAC009F1E82 /* Pink Dark.png in Resources */,
				A97CBAC425E4AAAC009F1E82 /* Green Light.png in Resources */,
				A97CBAC225E4AAAC009F1E82 /* Green Dark.png in Resources */,
				A9D74EFA25DA1E0A0060B96C /* LaunchScreen.storyboard in Resources */,
				A97CBAC125E4AAAC009F1E82 /* Green.png in Resources */,
				A97CBAC325E4AAAC009F1E82 /* Blue.png in Resources */,
				A9D74EF725DA1E0A0060B96C /* Preview Assets.xcassets in Resources */,
				A97CBAC025E4AAAC009F1E82 /* Pink.png in Resources */,
				A97CBAC525E4AAAC009F1E82 /* Pink Light.png in Resources */,
				A97CBAC625E4AAAC009F1E82 /* Blue Light.png in Resources */,
				A97CBABF25E4AAAC009F1E82 /* Blue Dark.png in Resources */,
				A9D74EF425DA1E0A0060B96C /* Assets.xcassets in Resources */,
			);
			runOnlyForDeploymentPostprocessing = 0;
		};
/* End PBXResourcesBuildPhase section */

/* Begin PBXSourcesBuildPhase section */
		A9D74EE325DA1E070060B96C /* Sources */ = {
			isa = PBXSourcesBuildPhase;
			buildActionMask = 2147483647;
			files = (
				A9C14C4525E35B2A0079F1A0 /* FormRowStaticView.swift in Sources */,
				A9D74EEB25DA1E070060B96C /* AppDelegate.swift in Sources */,
				A9D74EED25DA1E070060B96C /* SceneDelegate.swift in Sources */,
				A961D3E325E5FD7500EB9F38 /* ThemeData.swift in Sources */,
				A9C14C4B25E35F240079F1A0 /* SettingsView.swift in Sources */,
				A9B4067C25DE19EC00D1C311 /* EmptyListView.swift in Sources */,
				A961D3E625E5FF9E00EB9F38 /* ThemeSettings.swift in Sources */,
				A9D74EEF25DA1E070060B96C /* ContentView.swift in Sources */,
				A9C14C4825E35C700079F1A0 /* FormRowLinkView.swift in Sources */,
				A961D3DF25E5FC7900EB9F38 /* ThemeModel.swift in Sources */,
				A9D74EF225DA1E070060B96C /* Todo_App.xcdatamodeld in Sources */,
				A9D74F0425DA1F0B0060B96C /* AddTodoView.swift in Sources */,
			);
			runOnlyForDeploymentPostprocessing = 0;
		};
/* End PBXSourcesBuildPhase section */

/* Begin PBXVariantGroup section */
		A9D74EF825DA1E0A0060B96C /* LaunchScreen.storyboard */ = {
			isa = PBXVariantGroup;
			children = (
				A9D74EF925DA1E0A0060B96C /* Base */,
			);
			name = LaunchScreen.storyboard;
			sourceTree = "<group>";
		};
/* End PBXVariantGroup section */

/* Begin XCBuildConfiguration section */
		A9D74EFC25DA1E0A0060B96C /* Debug */ = {
			isa = XCBuildConfiguration;
			buildSettings = {
				ALWAYS_SEARCH_USER_PATHS = NO;
				CLANG_ANALYZER_NONNULL = YES;
				CLANG_ANALYZER_NUMBER_OBJECT_CONVERSION = YES_AGGRESSIVE;
				CLANG_CXX_LANGUAGE_STANDARD = "gnu++14";
				CLANG_CXX_LIBRARY = "libc++";
				CLANG_ENABLE_MODULES = YES;
				CLANG_ENABLE_OBJC_ARC = YES;
				CLANG_ENABLE_OBJC_WEAK = YES;
				CLANG_WARN_BLOCK_CAPTURE_AUTORELEASING = YES;
				CLANG_WARN_BOOL_CONVERSION = YES;
				CLANG_WARN_COMMA = YES;
				CLANG_WARN_CONSTANT_CONVERSION = YES;
				CLANG_WARN_DEPRECATED_OBJC_IMPLEMENTATIONS = YES;
				CLANG_WARN_DIRECT_OBJC_ISA_USAGE = YES_ERROR;
				CLANG_WARN_DOCUMENTATION_COMMENTS = YES;
				CLANG_WARN_EMPTY_BODY = YES;
				CLANG_WARN_ENUM_CONVERSION = YES;
				CLANG_WARN_INFINITE_RECURSION = YES;
				CLANG_WARN_INT_CONVERSION = YES;
				CLANG_WARN_NON_LITERAL_NULL_CONVERSION = YES;
				CLANG_WARN_OBJC_IMPLICIT_RETAIN_SELF = YES;
				CLANG_WARN_OBJC_LITERAL_CONVERSION = YES;
				CLANG_WARN_OBJC_ROOT_CLASS = YES_ERROR;
				CLANG_WARN_QUOTED_INCLUDE_IN_FRAMEWORK_HEADER = YES;
				CLANG_WARN_RANGE_LOOP_ANALYSIS = YES;
				CLANG_WARN_STRICT_PROTOTYPES = YES;
				CLANG_WARN_SUSPICIOUS_MOVE = YES;
				CLANG_WARN_UNGUARDED_AVAILABILITY = YES_AGGRESSIVE;
				CLANG_WARN_UNREACHABLE_CODE = YES;
				CLANG_WARN__DUPLICATE_METHOD_MATCH = YES;
				COPY_PHASE_STRIP = NO;
				DEBUG_INFORMATION_FORMAT = dwarf;
				ENABLE_STRICT_OBJC_MSGSEND = YES;
				ENABLE_TESTABILITY = YES;
				GCC_C_LANGUAGE_STANDARD = gnu11;
				GCC_DYNAMIC_NO_PIC = NO;
				GCC_NO_COMMON_BLOCKS = YES;
				GCC_OPTIMIZATION_LEVEL = 0;
				GCC_PREPROCESSOR_DEFINITIONS = (
					"DEBUG=1",
					"$(inherited)",
				);
				GCC_WARN_64_TO_32_BIT_CONVERSION = YES;
				GCC_WARN_ABOUT_RETURN_TYPE = YES_ERROR;
				GCC_WARN_UNDECLARED_SELECTOR = YES;
				GCC_WARN_UNINITIALIZED_AUTOS = YES_AGGRESSIVE;
				GCC_WARN_UNUSED_FUNCTION = YES;
				GCC_WARN_UNUSED_VARIABLE = YES;
				IPHONEOS_DEPLOYMENT_TARGET = 14.4;
				MTL_ENABLE_DEBUG_INFO = INCLUDE_SOURCE;
				MTL_FAST_MATH = YES;
				ONLY_ACTIVE_ARCH = YES;
				SDKROOT = iphoneos;
				SWIFT_ACTIVE_COMPILATION_CONDITIONS = DEBUG;
				SWIFT_OPTIMIZATION_LEVEL = "-Onone";
			};
			name = Debug;
		};
		A9D74EFD25DA1E0A0060B96C /* Release */ = {
			isa = XCBuildConfiguration;
			buildSettings = {
				ALWAYS_SEARCH_USER_PATHS = NO;
				CLANG_ANALYZER_NONNULL = YES;
				CLANG_ANALYZER_NUMBER_OBJECT_CONVERSION = YES_AGGRESSIVE;
				CLANG_CXX_LANGUAGE_STANDARD = "gnu++14";
				CLANG_CXX_LIBRARY = "libc++";
				CLANG_ENABLE_MODULES = YES;
				CLANG_ENABLE_OBJC_ARC = YES;
				CLANG_ENABLE_OBJC_WEAK = YES;
				CLANG_WARN_BLOCK_CAPTURE_AUTORELEASING = YES;
				CLANG_WARN_BOOL_CONVERSION = YES;
				CLANG_WARN_COMMA = YES;
				CLANG_WARN_CONSTANT_CONVERSION = YES;
				CLANG_WARN_DEPRECATED_OBJC_IMPLEMENTATIONS = YES;
				CLANG_WARN_DIRECT_OBJC_ISA_USAGE = YES_ERROR;
				CLANG_WARN_DOCUMENTATION_COMMENTS = YES;
				CLANG_WARN_EMPTY_BODY = YES;
				CLANG_WARN_ENUM_CONVERSION = YES;
				CLANG_WARN_INFINITE_RECURSION = YES;
				CLANG_WARN_INT_CONVERSION = YES;
				CLANG_WARN_NON_LITERAL_NULL_CONVERSION = YES;
				CLANG_WARN_OBJC_IMPLICIT_RETAIN_SELF = YES;
				CLANG_WARN_OBJC_LITERAL_CONVERSION = YES;
				CLANG_WARN_OBJC_ROOT_CLASS = YES_ERROR;
				CLANG_WARN_QUOTED_INCLUDE_IN_FRAMEWORK_HEADER = YES;
				CLANG_WARN_RANGE_LOOP_ANALYSIS = YES;
				CLANG_WARN_STRICT_PROTOTYPES = YES;
				CLANG_WARN_SUSPICIOUS_MOVE = YES;
				CLANG_WARN_UNGUARDED_AVAILABILITY = YES_AGGRESSIVE;
				CLANG_WARN_UNREACHABLE_CODE = YES;
				CLANG_WARN__DUPLICATE_METHOD_MATCH = YES;
				COPY_PHASE_STRIP = NO;
				DEBUG_INFORMATION_FORMAT = "dwarf-with-dsym";
				ENABLE_NS_ASSERTIONS = NO;
				ENABLE_STRICT_OBJC_MSGSEND = YES;
				GCC_C_LANGUAGE_STANDARD = gnu11;
				GCC_NO_COMMON_BLOCKS = YES;
				GCC_WARN_64_TO_32_BIT_CONVERSION = YES;
				GCC_WARN_ABOUT_RETURN_TYPE = YES_ERROR;
				GCC_WARN_UNDECLARED_SELECTOR = YES;
				GCC_WARN_UNINITIALIZED_AUTOS = YES_AGGRESSIVE;
				GCC_WARN_UNUSED_FUNCTION = YES;
				GCC_WARN_UNUSED_VARIABLE = YES;
				IPHONEOS_DEPLOYMENT_TARGET = 14.4;
				MTL_ENABLE_DEBUG_INFO = NO;
				MTL_FAST_MATH = YES;
				SDKROOT = iphoneos;
				SWIFT_COMPILATION_MODE = wholemodule;
				SWIFT_OPTIMIZATION_LEVEL = "-O";
				VALIDATE_PRODUCT = YES;
			};
			name = Release;
		};
		A9D74EFF25DA1E0A0060B96C /* Debug */ = {
			isa = XCBuildConfiguration;
			buildSettings = {
				ASSETCATALOG_COMPILER_APPICON_NAME = AppIcon;
				ASSETCATALOG_COMPILER_GLOBAL_ACCENT_COLOR_NAME = AccentColor;
				CODE_SIGN_STYLE = Automatic;
				DEVELOPMENT_ASSET_PATHS = "\"Todo App/Preview Content\"";
				DEVELOPMENT_TEAM = VX65BR5A2G;
				ENABLE_PREVIEWS = YES;
				INFOPLIST_FILE = "Todo App/Info.plist";
				LD_RUNPATH_SEARCH_PATHS = (
					"$(inherited)",
					"@executable_path/Frameworks",
				);
				PRODUCT_BUNDLE_IDENTIFIER = "com.faiz.Todo-App";
				PRODUCT_NAME = "$(TARGET_NAME)";
				SWIFT_VERSION = 5.0;
				TARGETED_DEVICE_FAMILY = "1,2";
			};
			name = Debug;
		};
		A9D74F0025DA1E0A0060B96C /* Release */ = {
			isa = XCBuildConfiguration;
			buildSettings = {
				ASSETCATALOG_COMPILER_APPICON_NAME = AppIcon;
				ASSETCATALOG_COMPILER_GLOBAL_ACCENT_COLOR_NAME = AccentColor;
				CODE_SIGN_STYLE = Automatic;
				DEVELOPMENT_ASSET_PATHS = "\"Todo App/Preview Content\"";
				DEVELOPMENT_TEAM = VX65BR5A2G;
				ENABLE_PREVIEWS = YES;
				INFOPLIST_FILE = "Todo App/Info.plist";
				LD_RUNPATH_SEARCH_PATHS = (
					"$(inherited)",
					"@executable_path/Frameworks",
				);
				PRODUCT_BUNDLE_IDENTIFIER = "com.faiz.Todo-App";
				PRODUCT_NAME = "$(TARGET_NAME)";
				SWIFT_VERSION = 5.0;
				TARGETED_DEVICE_FAMILY = "1,2";
			};
			name = Release;
		};
/* End XCBuildConfiguration section */

/* Begin XCConfigurationList section */
		A9D74EE225DA1E070060B96C /* Build configuration list for PBXProject "Todo App" */ = {
			isa = XCConfigurationList;
			buildConfigurations = (
				A9D74EFC25DA1E0A0060B96C /* Debug */,
				A9D74EFD25DA1E0A0060B96C /* Release */,
			);
			defaultConfigurationIsVisible = 0;
			defaultConfigurationName = Release;
		};
		A9D74EFE25DA1E0A0060B96C /* Build configuration list for PBXNativeTarget "Todo App" */ = {
			isa = XCConfigurationList;
			buildConfigurations = (
				A9D74EFF25DA1E0A0060B96C /* Debug */,
				A9D74F0025DA1E0A0060B96C /* Release */,
			);
			defaultConfigurationIsVisible = 0;
			defaultConfigurationName = Release;
		};
/* End XCConfigurationList section */

/* Begin XCVersionGroup section */
		A9D74EF025DA1E070060B96C /* Todo_App.xcdatamodeld */ = {
			isa = XCVersionGroup;
			children = (
				A9D74EF125DA1E070060B96C /* Todo_App.xcdatamodel */,
			);
			currentVersion = A9D74EF125DA1E070060B96C /* Todo_App.xcdatamodel */;
			path = Todo_App.xcdatamodeld;
			sourceTree = "<group>";
			versionGroupType = wrapper.xcdatamodel;
		};
/* End XCVersionGroup section */
	};
	rootObject = A9D74EDF25DA1E070060B96C /* Project object */;
}
